
Microsoft Visual Studio Solution File, Format Version 12.00
# Visual Studio 15
VisualStudioVersion = 15.0.28010.2048
MinimumVisualStudioVersion = 10.0.40219.1
Project("{FAE04EC0-301F-11D3-BF4B-00C04F79EFBC}") = "Web_HW2", "Web_HW2\Web_HW2.csproj", "{84E0625B-DA8F-4017-AAE1-F9CE223C00FE}"
EndProject
Global
	GlobalSection(SolutionConfigurationPlatforms) = preSolution
		Debug|Any CPU = Debug|Any CPU
		Release|Any CPU = Release|Any CPU
	EndGlobalSection
	GlobalSection(ProjectConfigurationPlatforms) = postSolution
		{84E0625B-DA8F-4017-AAE1-F9CE223C00FE}.Debug|Any CPU.ActiveCfg = Debug|Any CPU
		{84E0625B-DA8F-4017-AAE1-F9CE223C00FE}.Debug|Any CPU.Build.0 = Debug|Any CPU
		{84E0625B-DA8F-4017-AAE1-F9CE223C00FE}.Release|Any CPU.ActiveCfg = Release|Any CPU
		{84E0625B-DA8F-4017-AAE1-F9CE223C00FE}.Release|Any CPU.Build.0 = Release|Any CPU
	EndGlobalSection
	GlobalSection(SolutionProperties) = preSolution
		HideSolutionNode = FALSE
	EndGlobalSection
	GlobalSection(ExtensibilityGlobals) = postSolution
		SolutionGuid = {C8D4CF4D-B713-47AF-B8F8-2668E8ADAE92}
	EndGlobalSection
EndGlobal
